
Microsoft Visual Studio Solution File, Format Version 12.00
# Visual Studio Version 16
VisualStudioVersion = 16.0.29111.141
MinimumVisualStudioVersion = 10.0.40219.1
Project("{9A19103F-16F7-4668-BE54-9A1E7A4F7556}") = "TorontoBeachPredictor", "TorontoBeachPredictor\TorontoBeachPredictor.csproj", "{0B36AF8D-755E-4F9C-9685-E3AC70368987}"
EndProject
Project("{FAE04EC0-301F-11D3-BF4B-00C04F79EFBC}") = "Service", "Service\Service.csproj", "{BDB5E21B-343E-4DA0-8492-37BBF8431D4D}"
EndProject
Project("{FAE04EC0-301F-11D3-BF4B-00C04F79EFBC}") = "Data", "Data\Data.csproj", "{D55BFB6D-5CE8-46BE-B4D3-E8903393B7A4}"
EndProject
Global
	GlobalSection(SolutionConfigurationPlatforms) = preSolution
		Debug|Any CPU = Debug|Any CPU
		Release|Any CPU = Release|Any CPU
	EndGlobalSection
	GlobalSection(ProjectConfigurationPlatforms) = postSolution
		{0B36AF8D-755E-4F9C-9685-E3AC70368987}.Debug|Any CPU.ActiveCfg = Debug|Any CPU
		{0B36AF8D-755E-4F9C-9685-E3AC70368987}.Debug|Any CPU.Build.0 = Debug|Any CPU
		{0B36AF8D-755E-4F9C-9685-E3AC70368987}.Release|Any CPU.ActiveCfg = Release|Any CPU
		{0B36AF8D-755E-4F9C-9685-E3AC70368987}.Release|Any CPU.Build.0 = Release|Any CPU
		{BDB5E21B-343E-4DA0-8492-37BBF8431D4D}.Debug|Any CPU.ActiveCfg = Debug|Any CPU
		{BDB5E21B-343E-4DA0-8492-37BBF8431D4D}.Debug|Any CPU.Build.0 = Debug|Any CPU
		{BDB5E21B-343E-4DA0-8492-37BBF8431D4D}.Release|Any CPU.ActiveCfg = Release|Any CPU
		{BDB5E21B-343E-4DA0-8492-37BBF8431D4D}.Release|Any CPU.Build.0 = Release|Any CPU
		{D55BFB6D-5CE8-46BE-B4D3-E8903393B7A4}.Debug|Any CPU.ActiveCfg = Debug|Any CPU
		{D55BFB6D-5CE8-46BE-B4D3-E8903393B7A4}.Debug|Any CPU.Build.0 = Debug|Any CPU
		{D55BFB6D-5CE8-46BE-B4D3-E8903393B7A4}.Release|Any CPU.ActiveCfg = Release|Any CPU
		{D55BFB6D-5CE8-46BE-B4D3-E8903393B7A4}.Release|Any CPU.Build.0 = Release|Any CPU
	EndGlobalSection
	GlobalSection(SolutionProperties) = preSolution
		HideSolutionNode = FALSE
	EndGlobalSection
	GlobalSection(ExtensibilityGlobals) = postSolution
		SolutionGuid = {68A08828-FC65-41D9-B1BE-93F0D4E0B4DD}
	EndGlobalSection
EndGlobal
